
Microsoft Visual Studio Solution File, Format Version 12.00
# Visual Studio Version 17
VisualStudioVersion = 17.0.31903.59
MinimumVisualStudioVersion = 10.0.40219.1
Project("{FAE04EC0-301F-11D3-BF4B-00C04F79EFBC}") = "NotesApi.Web", "NotesApi.Web\NotesApi.Web.csproj", "{1743F22E-36A8-4FC5-B80D-5C5AABB75B0D}"
EndProject
Project("{FAE04EC0-301F-11D3-BF4B-00C04F79EFBC}") = "NotesApi.Application", "NotesApi.Application\NotesApi.Application.csproj", "{C98512E9-D202-4680-819B-B28D9215A249}"
EndProject
Project("{FAE04EC0-301F-11D3-BF4B-00C04F79EFBC}") = "NotesApi.Domain", "NotesApi.Domain\NotesApi.Domain.csproj", "{0973527A-B7FC-4707-A667-C9430C78B54D}"
EndProject
Project("{FAE04EC0-301F-11D3-BF4B-00C04F79EFBC}") = "NotesApi.Infrastructure", "NotesApi.Infrastructure\NotesApi.Infrastructure.csproj", "{74E8CAEA-E2C4-4D72-A510-9555F9735256}"
EndProject
Project("{FAE04EC0-301F-11D3-BF4B-00C04F79EFBC}") = "NotesApi.Contracts", "NotesApi.Contracts\NotesApi.Contracts.csproj", "{798DD7E3-3B11-4DC8-9379-1D74BD7A74DC}"
EndProject
Global
	GlobalSection(SolutionConfigurationPlatforms) = preSolution
		Debug|Any CPU = Debug|Any CPU
		Debug|x64 = Debug|x64
		Debug|x86 = Debug|x86
		Release|Any CPU = Release|Any CPU
		Release|x64 = Release|x64
		Release|x86 = Release|x86
	EndGlobalSection
	GlobalSection(ProjectConfigurationPlatforms) = postSolution
		{1743F22E-36A8-4FC5-B80D-5C5AABB75B0D}.Debug|Any CPU.ActiveCfg = Debug|Any CPU
		{1743F22E-36A8-4FC5-B80D-5C5AABB75B0D}.Debug|Any CPU.Build.0 = Debug|Any CPU
		{1743F22E-36A8-4FC5-B80D-5C5AABB75B0D}.Debug|x64.ActiveCfg = Debug|Any CPU
		{1743F22E-36A8-4FC5-B80D-5C5AABB75B0D}.Debug|x64.Build.0 = Debug|Any CPU
		{1743F22E-36A8-4FC5-B80D-5C5AABB75B0D}.Debug|x86.ActiveCfg = Debug|Any CPU
		{1743F22E-36A8-4FC5-B80D-5C5AABB75B0D}.Debug|x86.Build.0 = Debug|Any CPU
		{1743F22E-36A8-4FC5-B80D-5C5AABB75B0D}.Release|Any CPU.ActiveCfg = Release|Any CPU
		{1743F22E-36A8-4FC5-B80D-5C5AABB75B0D}.Release|Any CPU.Build.0 = Release|Any CPU
		{1743F22E-36A8-4FC5-B80D-5C5AABB75B0D}.Release|x64.ActiveCfg = Release|Any CPU
		{1743F22E-36A8-4FC5-B80D-5C5AABB75B0D}.Release|x64.Build.0 = Release|Any CPU
		{1743F22E-36A8-4FC5-B80D-5C5AABB75B0D}.Release|x86.ActiveCfg = Release|Any CPU
		{1743F22E-36A8-4FC5-B80D-5C5AABB75B0D}.Release|x86.Build.0 = Release|Any CPU
		{C98512E9-D202-4680-819B-B28D9215A249}.Debug|Any CPU.ActiveCfg = Debug|Any CPU
		{C98512E9-D202-4680-819B-B28D9215A249}.Debug|Any CPU.Build.0 = Debug|Any CPU
		{C98512E9-D202-4680-819B-B28D9215A249}.Debug|x64.ActiveCfg = Debug|Any CPU
		{C98512E9-D202-4680-819B-B28D9215A249}.Debug|x64.Build.0 = Debug|Any CPU
		{C98512E9-D202-4680-819B-B28D9215A249}.Debug|x86.ActiveCfg = Debug|Any CPU
		{C98512E9-D202-4680-819B-B28D9215A249}.Debug|x86.Build.0 = Debug|Any CPU
		{C98512E9-D202-4680-819B-B28D9215A249}.Release|Any CPU.ActiveCfg = Release|Any CPU
		{C98512E9-D202-4680-819B-B28D9215A249}.Release|Any CPU.Build.0 = Release|Any CPU
		{C98512E9-D202-4680-819B-B28D9215A249}.Release|x64.ActiveCfg = Release|Any CPU
		{C98512E9-D202-4680-819B-B28D9215A249}.Release|x64.Build.0 = Release|Any CPU
		{C98512E9-D202-4680-819B-B28D9215A249}.Release|x86.ActiveCfg = Release|Any CPU
		{C98512E9-D202-4680-819B-B28D9215A249}.Release|x86.Build.0 = Release|Any CPU
		{0973527A-B7FC-4707-A667-C9430C78B54D}.Debug|Any CPU.ActiveCfg = Debug|Any CPU
		{0973527A-B7FC-4707-A667-C9430C78B54D}.Debug|Any CPU.Build.0 = Debug|Any CPU
		{0973527A-B7FC-4707-A667-C9430C78B54D}.Debug|x64.ActiveCfg = Debug|Any CPU
		{0973527A-B7FC-4707-A667-C9430C78B54D}.Debug|x64.Build.0 = Debug|Any CPU
		{0973527A-B7FC-4707-A667-C9430C78B54D}.Debug|x86.ActiveCfg = Debug|Any CPU
		{0973527A-B7FC-4707-A667-C9430C78B54D}.Debug|x86.Build.0 = Debug|Any CPU
		{0973527A-B7FC-4707-A667-C9430C78B54D}.Release|Any CPU.ActiveCfg = Release|Any CPU
		{0973527A-B7FC-4707-A667-C9430C78B54D}.Release|Any CPU.Build.0 = Release|Any CPU
		{0973527A-B7FC-4707-A667-C9430C78B54D}.Release|x64.ActiveCfg = Release|Any CPU
		{0973527A-B7FC-4707-A667-C9430C78B54D}.Release|x64.Build.0 = Release|Any CPU
		{0973527A-B7FC-4707-A667-C9430C78B54D}.Release|x86.ActiveCfg = Release|Any CPU
		{0973527A-B7FC-4707-A667-C9430C78B54D}.Release|x86.Build.0 = Release|Any CPU
		{74E8CAEA-E2C4-4D72-A510-9555F9735256}.Debug|Any CPU.ActiveCfg = Debug|Any CPU
		{74E8CAEA-E2C4-4D72-A510-9555F9735256}.Debug|Any CPU.Build.0 = Debug|Any CPU
		{74E8CAEA-E2C4-4D72-A510-9555F9735256}.Debug|x64.ActiveCfg = Debug|Any CPU
		{74E8CAEA-E2C4-4D72-A510-9555F9735256}.Debug|x64.Build.0 = Debug|Any CPU
		{74E8CAEA-E2C4-4D72-A510-9555F9735256}.Debug|x86.ActiveCfg = Debug|Any CPU
		{74E8CAEA-E2C4-4D72-A510-9555F9735256}.Debug|x86.Build.0 = Debug|Any CPU
		{74E8CAEA-E2C4-4D72-A510-9555F9735256}.Release|Any CPU.ActiveCfg = Release|Any CPU
		{74E8CAEA-E2C4-4D72-A510-9555F9735256}.Release|Any CPU.Build.0 = Release|Any CPU
		{74E8CAEA-E2C4-4D72-A510-9555F9735256}.Release|x64.ActiveCfg = Release|Any CPU
		{74E8CAEA-E2C4-4D72-A510-9555F9735256}.Release|x64.Build.0 = Release|Any CPU
		{74E8CAEA-E2C4-4D72-A510-9555F9735256}.Release|x86.ActiveCfg = Release|Any CPU
		{74E8CAEA-E2C4-4D72-A510-9555F9735256}.Release|x86.Build.0 = Release|Any CPU
		{798DD7E3-3B11-4DC8-9379-1D74BD7A74DC}.Debug|Any CPU.ActiveCfg = Debug|Any CPU
		{798DD7E3-3B11-4DC8-9379-1D74BD7A74DC}.Debug|Any CPU.Build.0 = Debug|Any CPU
		{798DD7E3-3B11-4DC8-9379-1D74BD7A74DC}.Debug|x64.ActiveCfg = Debug|Any CPU
		{798DD7E3-3B11-4DC8-9379-1D74BD7A74DC}.Debug|x64.Build.0 = Debug|Any CPU
		{798DD7E3-3B11-4DC8-9379-1D74BD7A74DC}.Debug|x86.ActiveCfg = Debug|Any CPU
		{798DD7E3-3B11-4DC8-9379-1D74BD7A74DC}.Debug|x86.Build.0 = Debug|Any CPU
		{798DD7E3-3B11-4DC8-9379-1D74BD7A74DC}.Release|Any CPU.ActiveCfg = Release|Any CPU
		{798DD7E3-3B11-4DC8-9379-1D74BD7A74DC}.Release|Any CPU.Build.0 = Release|Any CPU
		{798DD7E3-3B11-4DC8-9379-1D74BD7A74DC}.Release|x64.ActiveCfg = Release|Any CPU
		{798DD7E3-3B11-4DC8-9379-1D74BD7A74DC}.Release|x64.Build.0 = Release|Any CPU
		{798DD7E3-3B11-4DC8-9379-1D74BD7A74DC}.Release|x86.ActiveCfg = Release|Any CPU
		{798DD7E3-3B11-4DC8-9379-1D74BD7A74DC}.Release|x86.Build.0 = Release|Any CPU
	EndGlobalSection
	GlobalSection(SolutionProperties) = preSolution
		HideSolutionNode = FALSE
	EndGlobalSection
EndGlobal
